
Microsoft Visual Studio Solution File, Format Version 12.00
# Visual Studio 2013
VisualStudioVersion = 12.0.30501.0
MinimumVisualStudioVersion = 10.0.40219.1
Project("{FAE04EC0-301F-11D3-BF4B-00C04F79EFBC}") = "QuizFactory.Data", "QuizFactory.Data\QuizFactory.Data.csproj", "{C8BA5E54-FD59-41E5-9A2A-FBE1407F7E33}"
EndProject
Project("{FAE04EC0-301F-11D3-BF4B-00C04F79EFBC}") = "QuizFactory.Mvc", "QuizFactory.MVC\QuizFactory.Mvc.csproj", "{5C055DD4-A0B8-470E-94A6-76DE6820B8B9}"
EndProject
Project("{FAE04EC0-301F-11D3-BF4B-00C04F79EFBC}") = "HelperExtentions", "HelperExtentions\HelperExtentions.csproj", "{28000772-3379-403F-A3E9-4F7FD204E6A8}"
EndProject
Project("{FAE04EC0-301F-11D3-BF4B-00C04F79EFBC}") = "QuizFactory.Data.Models", "QuizFactory.Data.Models\QuizFactory.Data.Models.csproj", "{421621D9-EABB-4FB3-B5B6-AEB96471E06E}"
EndProject
Project("{FAE04EC0-301F-11D3-BF4B-00C04F79EFBC}") = "QuizFactory.Data.Common", "QuizFactory.Data.Common\QuizFactory.Data.Common.csproj", "{9C6821FF-16E9-4922-801C-E3307408682F}"
EndProject
Global
	GlobalSection(SolutionConfigurationPlatforms) = preSolution
		Debug|Any CPU = Debug|Any CPU
		Release|Any CPU = Release|Any CPU
	EndGlobalSection
	GlobalSection(ProjectConfigurationPlatforms) = postSolution
		{C8BA5E54-FD59-41E5-9A2A-FBE1407F7E33}.Debug|Any CPU.ActiveCfg = Debug|Any CPU
		{C8BA5E54-FD59-41E5-9A2A-FBE1407F7E33}.Debug|Any CPU.Build.0 = Debug|Any CPU
		{C8BA5E54-FD59-41E5-9A2A-FBE1407F7E33}.Release|Any CPU.ActiveCfg = Release|Any CPU
		{C8BA5E54-FD59-41E5-9A2A-FBE1407F7E33}.Release|Any CPU.Build.0 = Release|Any CPU
		{5C055DD4-A0B8-470E-94A6-76DE6820B8B9}.Debug|Any CPU.ActiveCfg = Debug|Any CPU
		{5C055DD4-A0B8-470E-94A6-76DE6820B8B9}.Debug|Any CPU.Build.0 = Debug|Any CPU
		{5C055DD4-A0B8-470E-94A6-76DE6820B8B9}.Release|Any CPU.ActiveCfg = Release|Any CPU
		{5C055DD4-A0B8-470E-94A6-76DE6820B8B9}.Release|Any CPU.Build.0 = Release|Any CPU
		{28000772-3379-403F-A3E9-4F7FD204E6A8}.Debug|Any CPU.ActiveCfg = Debug|Any CPU
		{28000772-3379-403F-A3E9-4F7FD204E6A8}.Debug|Any CPU.Build.0 = Debug|Any CPU
		{28000772-3379-403F-A3E9-4F7FD204E6A8}.Release|Any CPU.ActiveCfg = Release|Any CPU
		{28000772-3379-403F-A3E9-4F7FD204E6A8}.Release|Any CPU.Build.0 = Release|Any CPU
		{421621D9-EABB-4FB3-B5B6-AEB96471E06E}.Debug|Any CPU.ActiveCfg = Debug|Any CPU
		{421621D9-EABB-4FB3-B5B6-AEB96471E06E}.Debug|Any CPU.Build.0 = Debug|Any CPU
		{421621D9-EABB-4FB3-B5B6-AEB96471E06E}.Release|Any CPU.ActiveCfg = Release|Any CPU
		{421621D9-EABB-4FB3-B5B6-AEB96471E06E}.Release|Any CPU.Build.0 = Release|Any CPU
		{9C6821FF-16E9-4922-801C-E3307408682F}.Debug|Any CPU.ActiveCfg = Debug|Any CPU
		{9C6821FF-16E9-4922-801C-E3307408682F}.Debug|Any CPU.Build.0 = Debug|Any CPU
		{9C6821FF-16E9-4922-801C-E3307408682F}.Release|Any CPU.ActiveCfg = Release|Any CPU
		{9C6821FF-16E9-4922-801C-E3307408682F}.Release|Any CPU.Build.0 = Release|Any CPU
	EndGlobalSection
	GlobalSection(SolutionProperties) = preSolution
		HideSolutionNode = FALSE
	EndGlobalSection
EndGlobal
